# THIS IS AN AUTOGENERATED FILE. DO NOT EDIT THIS FILE DIRECTLY.
# yarn lockfile v1


create-vite@^5.2.0:
  version "5.2.0"
  resolved "https://registry.yarnpkg.com/create-vite/-/create-vite-5.2.0.tgz#9902529d7c14069222096ce06c4129637cc05f87"
  integrity sha512-gBWi01VTZSC317tBDr/gQY37wqvOoTg1q8hcTYzELpN6kvBk3OMiWWd94b0LmuR9FVPn4hSUZedm2n8UvfD2vA==
